
Microsoft Visual Studio Solution File, Format Version 12.00
# Visual Studio Version 17
VisualStudioVersion = 17.7.34221.43
MinimumVisualStudioVersion = 10.0.40219.1
Project("{9A19103F-16F7-4668-BE54-9A1E7A4F7556}") = "MackDotNetCore.ConsoleApp", "MackDotNetCore.ConsoleApp\MackDotNetCore.ConsoleApp.csproj", "{512790C2-96AA-46FF-9B43-FC8461990D5A}"
EndProject
Project("{9A19103F-16F7-4668-BE54-9A1E7A4F7556}") = "MackDotNetCore.RestApi", "MackDotNetCore.RestApi\MackDotNetCore.RestApi.csproj", "{0BE7E6FB-3793-4464-9CE4-C23E0527CE44}"
EndProject
Project("{9A19103F-16F7-4668-BE54-9A1E7A4F7556}") = "MackDotNetCore.MvcApp", "MackDotNetCore.MvcApp\MackDotNetCore.MvcApp.csproj", "{E11C49F2-BA3E-4B89-9594-42E9B8FB1EC5}"
	ProjectSection(ProjectDependencies) = postProject
		{0BE7E6FB-3793-4464-9CE4-C23E0527CE44} = {0BE7E6FB-3793-4464-9CE4-C23E0527CE44}
	EndProjectSection
EndProject
Project("{9A19103F-16F7-4668-BE54-9A1E7A4F7556}") = "MackDotNetCore.ATMConsoleApp", "MackDotNetCore.ATMConsoleApp\MackDotNetCore.ATMConsoleApp.csproj", "{FAC3F57F-C81E-407F-9802-DA60E5C48F63}"
EndProject
Project("{9A19103F-16F7-4668-BE54-9A1E7A4F7556}") = "MackDotNetCore.AtmApp", "MackDotNetCore.AtmApp\MackDotNetCore.AtmApp.csproj", "{31E430AB-54E4-43E8-B2F5-F1416D20215C}"
EndProject
Project("{9A19103F-16F7-4668-BE54-9A1E7A4F7556}") = "MackDotNetCore.ThemeMvcApp", "MackDotNetCore.ThemeMvcApp\MackDotNetCore.ThemeMvcApp.csproj", "{59D59421-CA9D-48F6-B1C7-9EA282C6856E}"
EndProject
Project("{9A19103F-16F7-4668-BE54-9A1E7A4F7556}") = "MackDotNetCore.SessionWebApp", "MackDotNetCore.SessionWebApp\MackDotNetCore.SessionWebApp.csproj", "{AC6E4A1B-854D-4C37-A1DD-2211256ED12B}"
EndProject
Project("{9A19103F-16F7-4668-BE54-9A1E7A4F7556}") = "MackDotNetCore.MinimalApi", "MackDotNetCore.MinimalApi\MackDotNetCore.MinimalApi.csproj", "{0BD948FB-0B2F-4F08-AA29-A5DE9AF4A920}"
EndProject
Project("{FAE04EC0-301F-11D3-BF4B-00C04F79EFBC}") = "MackDotNetCore.ShoppingCardWebApp", "MackDotNetCore.ShoppingCardWebApp\MackDotNetCore.ShoppingCardWebApp.csproj", "{AB9DFC7E-D2D9-4F9E-AD09-BDCF3CA5C036}"
EndProject
Global
	GlobalSection(SolutionConfigurationPlatforms) = preSolution
		Debug|Any CPU = Debug|Any CPU
		Release|Any CPU = Release|Any CPU
	EndGlobalSection
	GlobalSection(ProjectConfigurationPlatforms) = postSolution
		{512790C2-96AA-46FF-9B43-FC8461990D5A}.Debug|Any CPU.ActiveCfg = Debug|Any CPU
		{512790C2-96AA-46FF-9B43-FC8461990D5A}.Debug|Any CPU.Build.0 = Debug|Any CPU
		{512790C2-96AA-46FF-9B43-FC8461990D5A}.Release|Any CPU.ActiveCfg = Release|Any CPU
		{512790C2-96AA-46FF-9B43-FC8461990D5A}.Release|Any CPU.Build.0 = Release|Any CPU
		{0BE7E6FB-3793-4464-9CE4-C23E0527CE44}.Debug|Any CPU.ActiveCfg = Debug|Any CPU
		{0BE7E6FB-3793-4464-9CE4-C23E0527CE44}.Debug|Any CPU.Build.0 = Debug|Any CPU
		{0BE7E6FB-3793-4464-9CE4-C23E0527CE44}.Release|Any CPU.ActiveCfg = Release|Any CPU
		{0BE7E6FB-3793-4464-9CE4-C23E0527CE44}.Release|Any CPU.Build.0 = Release|Any CPU
		{E11C49F2-BA3E-4B89-9594-42E9B8FB1EC5}.Debug|Any CPU.ActiveCfg = Debug|Any CPU
		{E11C49F2-BA3E-4B89-9594-42E9B8FB1EC5}.Debug|Any CPU.Build.0 = Debug|Any CPU
		{E11C49F2-BA3E-4B89-9594-42E9B8FB1EC5}.Release|Any CPU.ActiveCfg = Release|Any CPU
		{E11C49F2-BA3E-4B89-9594-42E9B8FB1EC5}.Release|Any CPU.Build.0 = Release|Any CPU
		{FAC3F57F-C81E-407F-9802-DA60E5C48F63}.Debug|Any CPU.ActiveCfg = Debug|Any CPU
		{FAC3F57F-C81E-407F-9802-DA60E5C48F63}.Debug|Any CPU.Build.0 = Debug|Any CPU
		{FAC3F57F-C81E-407F-9802-DA60E5C48F63}.Release|Any CPU.ActiveCfg = Release|Any CPU
		{FAC3F57F-C81E-407F-9802-DA60E5C48F63}.Release|Any CPU.Build.0 = Release|Any CPU
		{31E430AB-54E4-43E8-B2F5-F1416D20215C}.Debug|Any CPU.ActiveCfg = Debug|Any CPU
		{31E430AB-54E4-43E8-B2F5-F1416D20215C}.Debug|Any CPU.Build.0 = Debug|Any CPU
		{31E430AB-54E4-43E8-B2F5-F1416D20215C}.Release|Any CPU.ActiveCfg = Release|Any CPU
		{31E430AB-54E4-43E8-B2F5-F1416D20215C}.Release|Any CPU.Build.0 = Release|Any CPU
		{59D59421-CA9D-48F6-B1C7-9EA282C6856E}.Debug|Any CPU.ActiveCfg = Debug|Any CPU
		{59D59421-CA9D-48F6-B1C7-9EA282C6856E}.Debug|Any CPU.Build.0 = Debug|Any CPU
		{59D59421-CA9D-48F6-B1C7-9EA282C6856E}.Release|Any CPU.ActiveCfg = Release|Any CPU
		{59D59421-CA9D-48F6-B1C7-9EA282C6856E}.Release|Any CPU.Build.0 = Release|Any CPU
		{AC6E4A1B-854D-4C37-A1DD-2211256ED12B}.Debug|Any CPU.ActiveCfg = Debug|Any CPU
		{AC6E4A1B-854D-4C37-A1DD-2211256ED12B}.Debug|Any CPU.Build.0 = Debug|Any CPU
		{AC6E4A1B-854D-4C37-A1DD-2211256ED12B}.Release|Any CPU.ActiveCfg = Release|Any CPU
		{AC6E4A1B-854D-4C37-A1DD-2211256ED12B}.Release|Any CPU.Build.0 = Release|Any CPU
		{0BD948FB-0B2F-4F08-AA29-A5DE9AF4A920}.Debug|Any CPU.ActiveCfg = Debug|Any CPU
		{0BD948FB-0B2F-4F08-AA29-A5DE9AF4A920}.Debug|Any CPU.Build.0 = Debug|Any CPU
		{0BD948FB-0B2F-4F08-AA29-A5DE9AF4A920}.Release|Any CPU.ActiveCfg = Release|Any CPU
		{0BD948FB-0B2F-4F08-AA29-A5DE9AF4A920}.Release|Any CPU.Build.0 = Release|Any CPU
		{AB9DFC7E-D2D9-4F9E-AD09-BDCF3CA5C036}.Debug|Any CPU.ActiveCfg = Debug|Any CPU
		{AB9DFC7E-D2D9-4F9E-AD09-BDCF3CA5C036}.Debug|Any CPU.Build.0 = Debug|Any CPU
		{AB9DFC7E-D2D9-4F9E-AD09-BDCF3CA5C036}.Release|Any CPU.ActiveCfg = Release|Any CPU
		{AB9DFC7E-D2D9-4F9E-AD09-BDCF3CA5C036}.Release|Any CPU.Build.0 = Release|Any CPU
	EndGlobalSection
	GlobalSection(SolutionProperties) = preSolution
		HideSolutionNode = FALSE
	EndGlobalSection
	GlobalSection(ExtensibilityGlobals) = postSolution
		SolutionGuid = {2DDEF5D4-58FD-4953-945E-9D3EC253ED60}
	EndGlobalSection
EndGlobal
